{
  "requires": true,
  "lockfileVersion": 1,
  "dependencies": {
    "@babel/helper-builder-react-jsx": {
      "version": "7.0.0-rc.1",
      "resolved": "https://registry.npmjs.org/@babel/helper-builder-react-jsx/-/helper-builder-react-jsx-7.0.0-rc.1.tgz",
      "integrity": "sha512-yhZzfcpjoCnZKrJ/ObzpQmaveBictCRoiIciz0FhAY97+J1lx4Zuy+t9ZqGr3pP4U4rV7UOXyuLknbhNkWT0Ew==",
      "requires": {
        "@babel/types": "7.0.0-rc.1",
        "esutils": "^2.0.0"
      }
    },
    "@babel/helper-plugin-utils": {
      "version": "7.0.0-rc.1",
      "resolved": "https://registry.npmjs.org/@babel/helper-plugin-utils/-/helper-plugin-utils-7.0.0-rc.1.tgz",
      "integrity": "sha512-8ZNzqHXDhT/JjnBvrLKu8AL7NhONVIsnrfyQNm3PJNmufIER5kcIa3OxPMGWgNqox2R8WeQ6YYzYTLNXqq4kgQ=="
    },
    "@babel/plugin-syntax-jsx": {
      "version": "7.0.0-rc.1",
      "resolved": "https://registry.npmjs.org/@babel/plugin-syntax-jsx/-/plugin-syntax-jsx-7.0.0-rc.1.tgz",
      "integrity": "sha512-n0BcD2LmCrQkDKRhUd7lSiXiRpbo6Z7x77v3FSuevH5oWTFChjX34vHCCOszgVP37NLAxhuf4Jz0KwiPgXnexg==",
      "requires": {
        "@babel/helper-plugin-utils": "7.0.0-rc.1"
      }
    },
    "@babel/plugin-transform-react-display-name": {
      "version": "7.0.0-rc.1",
      "resolved": "https://registry.npmjs.org/@babel/plugin-transform-react-display-name/-/plugin-transform-react-display-name-7.0.0-rc.1.tgz",
      "integrity": "sha512-XvrjX3XW4jScdL8h2gVpwYmuZlNUNja+DSkWeE8F1mcXS1nQ5Bf8GmxfGk2D7vmSrgxkDUusXZiHMFoIoNwQ/Q==",
      "requires": {
        "@babel/helper-plugin-utils": "7.0.0-rc.1"
      }
    },
    "@babel/plugin-transform-react-jsx": {
      "version": "7.0.0-rc.1",
      "resolved": "https://registry.npmjs.org/@babel/plugin-transform-react-jsx/-/plugin-transform-react-jsx-7.0.0-rc.1.tgz",
      "integrity": "sha512-lGSDCkRp8/2JMu0vBeayMLF2xLSiD1n9KZFH+zRSLtrvdNJFhifmzHJ9dYYBcDY7qDQayEpj/Ze9UpyxaU+oSA==",
      "requires": {
        "@babel/helper-builder-react-jsx": "7.0.0-rc.1",
        "@babel/helper-plugin-utils": "7.0.0-rc.1",
        "@babel/plugin-syntax-jsx": "7.0.0-rc.1"
      }
    },
    "@babel/plugin-transform-react-jsx-self": {
      "version": "7.0.0-rc.1",
      "resolved": "https://registry.npmjs.org/@babel/plugin-transform-react-jsx-self/-/plugin-transform-react-jsx-self-7.0.0-rc.1.tgz",
      "integrity": "sha512-cItXIWcpge64i4FTowxuRdEBIqV0DReJNi3Iu8pEwNH4LLZbZ1OdYBZOL8nVLPP2vrfvsigt1qFJfYsbkPxcbw==",
      "requires": {
        "@babel/helper-plugin-utils": "7.0.0-rc.1",
        "@babel/plugin-syntax-jsx": "7.0.0-rc.1"
      }
    },
    "@babel/plugin-transform-react-jsx-source": {
      "version": "7.0.0-rc.1",
      "resolved": "https://registry.npmjs.org/@babel/plugin-transform-react-jsx-source/-/plugin-transform-react-jsx-source-7.0.0-rc.1.tgz",
      "integrity": "sha512-M6cdiYTNWzqlmaa4YYpHTAp2N6tnROMCkvdy2eD9STHA9LpRz26fRQtbEc/kYL3MXroK2DEZpb8Zva6kczgbNg==",
      "requires": {
        "@babel/helper-plugin-utils": "7.0.0-rc.1",
        "@babel/plugin-syntax-jsx": "7.0.0-rc.1"
      }
    },
    "@babel/preset-react": {
      "version": "7.0.0-rc.1",
      "resolved": "https://registry.npmjs.org/@babel/preset-react/-/preset-react-7.0.0-rc.1.tgz",
      "integrity": "sha512-EeXOUywwFJyEWWO5DV5vh3DNTlMR1uDzQ5gWvQ8pt5eAQxaoGLkdoxWkE8CJDiCS6PGMcIWVw8vm6mInmSV+Yg==",
      "requires": {
        "@babel/helper-plugin-utils": "7.0.0-rc.1",
        "@babel/plugin-transform-react-display-name": "7.0.0-rc.1",
        "@babel/plugin-transform-react-jsx": "7.0.0-rc.1",
        "@babel/plugin-transform-react-jsx-self": "7.0.0-rc.1",
        "@babel/plugin-transform-react-jsx-source": "7.0.0-rc.1"
      }
    },
    "@babel/types": {
      "version": "7.0.0-rc.1",
      "resolved": "https://registry.npmjs.org/@babel/types/-/types-7.0.0-rc.1.tgz",
      "integrity": "sha512-MBwO1JQKin9BwKTGydrYe4VDJbStCUy35IhJzeZt3FByOdx/q3CYaqMRrH70qVD2RA7+Xk8e3RN0mzKZkYBYuQ==",
      "requires": {
        "esutils": "^2.0.2",
        "lodash": "^4.17.10",
        "to-fast-properties": "^2.0.0"
      }
    },
    "esutils": {
      "version": "2.0.2",
      "resolved": "https://registry.npmjs.org/esutils/-/esutils-2.0.2.tgz",
      "integrity": "sha1-Cr9PHKpbyx96nYrMbepPqqBLrJs="
    },
    "lodash": {
      "version": "4.17.10",
      "resolved": "https://registry.npmjs.org/lodash/-/lodash-4.17.10.tgz",
      "integrity": "sha512-UejweD1pDoXu+AD825lWwp4ZGtSwgnpZxb3JDViD7StjQz+Nb/6l093lx4OQ0foGWNRoc19mWy7BzL+UAK2iVg=="
    },
    "to-fast-properties": {
      "version": "2.0.0",
      "resolved": "https://registry.npmjs.org/to-fast-properties/-/to-fast-properties-2.0.0.tgz",
      "integrity": "sha1-3F5pjL0HkmW8c+A3doGk5Og/YW4="
    }
  }
}
